
Microsoft Visual Studio Solution File, Format Version 12.00
# Visual Studio Version 17
VisualStudioVersion = 17.13.35931.197 d17.13
MinimumVisualStudioVersion = 10.0.40219.1
Project("{FAE04EC0-301F-11D3-BF4B-00C04F79EFBC}") = "Activity 4", "Activity 4.csproj", "{01344347-DECC-9235-EB83-94F06B21645F}"
EndProject
Global
	GlobalSection(SolutionConfigurationPlatforms) = preSolution
		Debug|Any CPU = Debug|Any CPU
		Release|Any CPU = Release|Any CPU
	EndGlobalSection
	GlobalSection(ProjectConfigurationPlatforms) = postSolution
		{01344347-DECC-9235-EB83-94F06B21645F}.Debug|Any CPU.ActiveCfg = Debug|Any CPU
		{01344347-DECC-9235-EB83-94F06B21645F}.Debug|Any CPU.Build.0 = Debug|Any CPU
		{01344347-DECC-9235-EB83-94F06B21645F}.Release|Any CPU.ActiveCfg = Release|Any CPU
		{01344347-DECC-9235-EB83-94F06B21645F}.Release|Any CPU.Build.0 = Release|Any CPU
	EndGlobalSection
	GlobalSection(SolutionProperties) = preSolution
		HideSolutionNode = FALSE
	EndGlobalSection
	GlobalSection(ExtensibilityGlobals) = postSolution
		SolutionGuid = {8DC0B37E-33FC-4FBA-A6FF-22F2F0920FC9}
	EndGlobalSection
EndGlobal
